
Microsoft Visual Studio Solution File, Format Version 12.00
# Visual Studio Version 16
VisualStudioVersion = 16.0.30114.105
MinimumVisualStudioVersion = 10.0.40219.1
Project("{FAE04EC0-301F-11D3-BF4B-00C04F79EFBC}") = "CannyImage", "CannyImage\CannyImage.csproj", "{00D42806-1BBC-4AE8-9F8C-EEDFE5E18875}"
EndProject
Global
	GlobalSection(SolutionConfigurationPlatforms) = preSolution
		Debug|Any CPU = Debug|Any CPU
		Release|Any CPU = Release|Any CPU
	EndGlobalSection
	GlobalSection(ProjectConfigurationPlatforms) = postSolution
		{00D42806-1BBC-4AE8-9F8C-EEDFE5E18875}.Debug|Any CPU.ActiveCfg = Debug|Any CPU
		{00D42806-1BBC-4AE8-9F8C-EEDFE5E18875}.Debug|Any CPU.Build.0 = Debug|Any CPU
		{00D42806-1BBC-4AE8-9F8C-EEDFE5E18875}.Release|Any CPU.ActiveCfg = Release|Any CPU
		{00D42806-1BBC-4AE8-9F8C-EEDFE5E18875}.Release|Any CPU.Build.0 = Release|Any CPU
	EndGlobalSection
	GlobalSection(SolutionProperties) = preSolution
		HideSolutionNode = FALSE
	EndGlobalSection
	GlobalSection(ExtensibilityGlobals) = postSolution
		SolutionGuid = {4F38CD7D-0D14-4299-A998-7C1114D7C849}
	EndGlobalSection
EndGlobal
